github.com/google/go-cmp v0.6.0 h1:ofyhxvXcZhMsU5ulbFiLKl/XBFqE1GSq7atu8tAmTRI=
github.com/google/go-cmp v0.6.0/go.mod h1:17dUlkBOakJ0+DkrSSNjCkIjxS6bF9zb3elmeNGIjoY=
github.com/google/uuid v1.6.0 h1:NIvaJDMOsjHA8n1jAhLSgzrAzy1Hgr+hNrb57e+94F0=
github.com/google/uuid v1.6.0/go.mod h1:TIyPZe4MgqvfeYDBFedMoGGpEw/LqOeaOT+nhxU+yHo=
github.com/megur0/testutil v0.0.0-20250125093040-40a09a0676d0 h1:41gIjWfiY0x3Lgwt2KGw6s/PwDkDevhlwsZoMEMAs4M=
github.com/megur0/testutil v0.0.0-20250125093040-40a09a0676d0/go.mod h1:tcqt15HoSFvhYEZeMavs9LJRD5k35HJS8YoQZeokAYw=
